
Microsoft Visual Studio Solution File, Format Version 12.00
# Visual Studio 15
VisualStudioVersion = 15.0.28307.1022
MinimumVisualStudioVersion = 10.0.40219.1
Project("{2150E333-8FDC-42A3-9474-1A3956D46DE8}") = "0-Presentation", "0-Presentation", "{9722C2DE-78E9-4DC0-9750-04F7EB7F9BC8}"
EndProject
Project("{2150E333-8FDC-42A3-9474-1A3956D46DE8}") = "1-Services", "1-Services", "{35E9E781-7622-4BF5-9B46-3B78FD6D61B6}"
EndProject
Project("{2150E333-8FDC-42A3-9474-1A3956D46DE8}") = "2-Application", "2-Application", "{F09AA704-1FF3-4C42-BBE1-6CE1FC555185}"
EndProject
Project("{2150E333-8FDC-42A3-9474-1A3956D46DE8}") = "3-Domain", "3-Domain", "{2EB61F50-76C6-46C0-9813-5B3C93917FD8}"
EndProject
Project("{2150E333-8FDC-42A3-9474-1A3956D46DE8}") = "4-Infra", "4-Infra", "{406A200A-C86D-4A16-B874-00CDF446FC42}"
EndProject
Project("{2150E333-8FDC-42A3-9474-1A3956D46DE8}") = "4.1-CrossCutting", "4.1-CrossCutting", "{C5441AA1-B05D-4F92-BD4D-76BEE447A353}"
EndProject
Project("{2150E333-8FDC-42A3-9474-1A3956D46DE8}") = "4.2-Data", "4.2-Data", "{ECD572DA-52C0-4A34-8C0B-3DEA3B26036E}"
EndProject
Project("{FAE04EC0-301F-11D3-BF4B-00C04F79EFBC}") = "DDDProject.MVC", "DDDProject.MVC\DDDProject.MVC.csproj", "{41DC5D16-1987-492B-BE59-41BA7B7EA112}"
EndProject
Project("{FAE04EC0-301F-11D3-BF4B-00C04F79EFBC}") = "DDDProject.Domain", "DDDProject.Domain\DDDProject.Domain.csproj", "{FE92A9B7-D115-4C93-8C0A-9F6D2E1273A0}"
EndProject
Project("{FAE04EC0-301F-11D3-BF4B-00C04F79EFBC}") = "DDDProject.Infra.Data", "DDDProject.Infra.Data\DDDProject.Infra.Data.csproj", "{88854742-8DC8-4264-B5F6-507BE24077C8}"
EndProject
Project("{FAE04EC0-301F-11D3-BF4B-00C04F79EFBC}") = "DDDProject.Application", "DDDProject.Application\DDDProject.Application.csproj", "{4DFFFB52-0F8F-4347-B62C-6CA8BB47A4CD}"
EndProject
Global
	GlobalSection(SolutionConfigurationPlatforms) = preSolution
		Debug|Any CPU = Debug|Any CPU
		Release|Any CPU = Release|Any CPU
	EndGlobalSection
	GlobalSection(ProjectConfigurationPlatforms) = postSolution
		{41DC5D16-1987-492B-BE59-41BA7B7EA112}.Debug|Any CPU.ActiveCfg = Debug|Any CPU
		{41DC5D16-1987-492B-BE59-41BA7B7EA112}.Debug|Any CPU.Build.0 = Debug|Any CPU
		{41DC5D16-1987-492B-BE59-41BA7B7EA112}.Release|Any CPU.ActiveCfg = Release|Any CPU
		{41DC5D16-1987-492B-BE59-41BA7B7EA112}.Release|Any CPU.Build.0 = Release|Any CPU
		{FE92A9B7-D115-4C93-8C0A-9F6D2E1273A0}.Debug|Any CPU.ActiveCfg = Debug|Any CPU
		{FE92A9B7-D115-4C93-8C0A-9F6D2E1273A0}.Debug|Any CPU.Build.0 = Debug|Any CPU
		{FE92A9B7-D115-4C93-8C0A-9F6D2E1273A0}.Release|Any CPU.ActiveCfg = Release|Any CPU
		{FE92A9B7-D115-4C93-8C0A-9F6D2E1273A0}.Release|Any CPU.Build.0 = Release|Any CPU
		{88854742-8DC8-4264-B5F6-507BE24077C8}.Debug|Any CPU.ActiveCfg = Debug|Any CPU
		{88854742-8DC8-4264-B5F6-507BE24077C8}.Debug|Any CPU.Build.0 = Debug|Any CPU
		{88854742-8DC8-4264-B5F6-507BE24077C8}.Release|Any CPU.ActiveCfg = Release|Any CPU
		{88854742-8DC8-4264-B5F6-507BE24077C8}.Release|Any CPU.Build.0 = Release|Any CPU
		{4DFFFB52-0F8F-4347-B62C-6CA8BB47A4CD}.Debug|Any CPU.ActiveCfg = Debug|Any CPU
		{4DFFFB52-0F8F-4347-B62C-6CA8BB47A4CD}.Debug|Any CPU.Build.0 = Debug|Any CPU
		{4DFFFB52-0F8F-4347-B62C-6CA8BB47A4CD}.Release|Any CPU.ActiveCfg = Release|Any CPU
		{4DFFFB52-0F8F-4347-B62C-6CA8BB47A4CD}.Release|Any CPU.Build.0 = Release|Any CPU
	EndGlobalSection
	GlobalSection(SolutionProperties) = preSolution
		HideSolutionNode = FALSE
	EndGlobalSection
	GlobalSection(NestedProjects) = preSolution
		{C5441AA1-B05D-4F92-BD4D-76BEE447A353} = {406A200A-C86D-4A16-B874-00CDF446FC42}
		{ECD572DA-52C0-4A34-8C0B-3DEA3B26036E} = {406A200A-C86D-4A16-B874-00CDF446FC42}
		{41DC5D16-1987-492B-BE59-41BA7B7EA112} = {9722C2DE-78E9-4DC0-9750-04F7EB7F9BC8}
		{FE92A9B7-D115-4C93-8C0A-9F6D2E1273A0} = {2EB61F50-76C6-46C0-9813-5B3C93917FD8}
		{88854742-8DC8-4264-B5F6-507BE24077C8} = {ECD572DA-52C0-4A34-8C0B-3DEA3B26036E}
		{4DFFFB52-0F8F-4347-B62C-6CA8BB47A4CD} = {F09AA704-1FF3-4C42-BBE1-6CE1FC555185}
	EndGlobalSection
	GlobalSection(ExtensibilityGlobals) = postSolution
		SolutionGuid = {BD91609A-511D-40CC-B84F-826ACE97F0B1}
	EndGlobalSection
EndGlobal
